
Microsoft Visual Studio Solution File, Format Version 12.00
# Visual Studio Version 18
VisualStudioVersion = 18.1.11312.151
MinimumVisualStudioVersion = 10.0.40219.1
Project("{2150E333-8FDC-42A3-9474-1A3956D46DE8}") = "src", "src", "{B53B5AA4-C7C6-4B99-A935-C2C68C567BE7}"
EndProject
Project("{FAE04EC0-301F-11D3-BF4B-00C04F79EFBC}") = "DotNpm", "src\DotNpm\DotNpm.csproj", "{BD2F51D1-C069-4E43-BC01-DBDFFDDE4DD9}"
EndProject
Project("{2150E333-8FDC-42A3-9474-1A3956D46DE8}") = "tests", "tests", "{16B58E12-1530-4D8F-97D3-28537E6E2F78}"
EndProject
Project("{FAE04EC0-301F-11D3-BF4B-00C04F79EFBC}") = "DotNpm.Tests", "tests\DotNpm.Tests\DotNpm.Tests.csproj", "{F36821C6-D73E-4D71-9C6F-8AB4FE7A97F3}"
EndProject
Project("{FAE04EC0-301F-11D3-BF4B-00C04F79EFBC}") = "DotNpm.Tests.Worker", "tests\DotNpm.Tests.Worker\DotNpm.Tests.Worker.csproj", "{2933E533-DA2A-4822-AEBF-F40B8DC58B4B}"
EndProject
Global
	GlobalSection(SolutionConfigurationPlatforms) = preSolution
		Debug|Any CPU = Debug|Any CPU
		Release|Any CPU = Release|Any CPU
	EndGlobalSection
	GlobalSection(ProjectConfigurationPlatforms) = postSolution
		{BD2F51D1-C069-4E43-BC01-DBDFFDDE4DD9}.Debug|Any CPU.ActiveCfg = Debug|Any CPU
		{BD2F51D1-C069-4E43-BC01-DBDFFDDE4DD9}.Debug|Any CPU.Build.0 = Debug|Any CPU
		{BD2F51D1-C069-4E43-BC01-DBDFFDDE4DD9}.Release|Any CPU.ActiveCfg = Release|Any CPU
		{BD2F51D1-C069-4E43-BC01-DBDFFDDE4DD9}.Release|Any CPU.Build.0 = Release|Any CPU
		{F36821C6-D73E-4D71-9C6F-8AB4FE7A97F3}.Debug|Any CPU.ActiveCfg = Debug|Any CPU
		{F36821C6-D73E-4D71-9C6F-8AB4FE7A97F3}.Debug|Any CPU.Build.0 = Debug|Any CPU
		{F36821C6-D73E-4D71-9C6F-8AB4FE7A97F3}.Release|Any CPU.ActiveCfg = Release|Any CPU
		{F36821C6-D73E-4D71-9C6F-8AB4FE7A97F3}.Release|Any CPU.Build.0 = Release|Any CPU
		{2933E533-DA2A-4822-AEBF-F40B8DC58B4B}.Debug|Any CPU.ActiveCfg = Debug|Any CPU
		{2933E533-DA2A-4822-AEBF-F40B8DC58B4B}.Debug|Any CPU.Build.0 = Debug|Any CPU
		{2933E533-DA2A-4822-AEBF-F40B8DC58B4B}.Release|Any CPU.ActiveCfg = Release|Any CPU
		{2933E533-DA2A-4822-AEBF-F40B8DC58B4B}.Release|Any CPU.Build.0 = Release|Any CPU
	EndGlobalSection
	GlobalSection(SolutionProperties) = preSolution
		HideSolutionNode = FALSE
	EndGlobalSection
	GlobalSection(NestedProjects) = preSolution
		{BD2F51D1-C069-4E43-BC01-DBDFFDDE4DD9} = {B53B5AA4-C7C6-4B99-A935-C2C68C567BE7}
		{F36821C6-D73E-4D71-9C6F-8AB4FE7A97F3} = {16B58E12-1530-4D8F-97D3-28537E6E2F78}
		{2933E533-DA2A-4822-AEBF-F40B8DC58B4B} = {16B58E12-1530-4D8F-97D3-28537E6E2F78}
	EndGlobalSection
	GlobalSection(ExtensibilityGlobals) = postSolution
		SolutionGuid = {016A92A9-0F48-4E6E-99AE-6EFBF1382D5E}
	EndGlobalSection
EndGlobal
